
Microsoft Visual Studio Solution File, Format Version 12.00
# Visual Studio Version 16
VisualStudioVersion = 16.0.30621.155
MinimumVisualStudioVersion = 10.0.40219.1
Project("{FAE04EC0-301F-11D3-BF4B-00C04F79EFBC}") = "Pract 9", "Pract 9\Pract 9.csproj", "{1542847E-CF6A-410B-BD1A-C72A283C7FDA}"
EndProject
Global
	GlobalSection(SolutionConfigurationPlatforms) = preSolution
		Debug|Any CPU = Debug|Any CPU
		Release|Any CPU = Release|Any CPU
	EndGlobalSection
	GlobalSection(ProjectConfigurationPlatforms) = postSolution
		{1542847E-CF6A-410B-BD1A-C72A283C7FDA}.Debug|Any CPU.ActiveCfg = Debug|Any CPU
		{1542847E-CF6A-410B-BD1A-C72A283C7FDA}.Debug|Any CPU.Build.0 = Debug|Any CPU
		{1542847E-CF6A-410B-BD1A-C72A283C7FDA}.Release|Any CPU.ActiveCfg = Release|Any CPU
		{1542847E-CF6A-410B-BD1A-C72A283C7FDA}.Release|Any CPU.Build.0 = Release|Any CPU
	EndGlobalSection
	GlobalSection(SolutionProperties) = preSolution
		HideSolutionNode = FALSE
	EndGlobalSection
	GlobalSection(ExtensibilityGlobals) = postSolution
		SolutionGuid = {E9522369-50CA-4C34-B28E-523E0CCA765B}
	EndGlobalSection
EndGlobal
